
Microsoft Visual Studio Solution File, Format Version 12.00
# Visual Studio 15
VisualStudioVersion = 15.0.28010.2046
MinimumVisualStudioVersion = 10.0.40219.1
Project("{FAE04EC0-301F-11D3-BF4B-00C04F79EFBC}") = "01_console", "01_console\01_console.csproj", "{DA7FC1F4-C2D6-4881-92A2-9D7F4D32A778}"
EndProject
Global
	GlobalSection(SolutionConfigurationPlatforms) = preSolution
		Debug|Any CPU = Debug|Any CPU
		Release|Any CPU = Release|Any CPU
	EndGlobalSection
	GlobalSection(ProjectConfigurationPlatforms) = postSolution
		{DA7FC1F4-C2D6-4881-92A2-9D7F4D32A778}.Debug|Any CPU.ActiveCfg = Debug|Any CPU
		{DA7FC1F4-C2D6-4881-92A2-9D7F4D32A778}.Debug|Any CPU.Build.0 = Debug|Any CPU
		{DA7FC1F4-C2D6-4881-92A2-9D7F4D32A778}.Release|Any CPU.ActiveCfg = Release|Any CPU
		{DA7FC1F4-C2D6-4881-92A2-9D7F4D32A778}.Release|Any CPU.Build.0 = Release|Any CPU
	EndGlobalSection
	GlobalSection(SolutionProperties) = preSolution
		HideSolutionNode = FALSE
	EndGlobalSection
	GlobalSection(ExtensibilityGlobals) = postSolution
		SolutionGuid = {971FBFF4-2002-4191-A7EB-40DE0EC046DB}
	EndGlobalSection
EndGlobal
